// !$*UTF8*$!
{
	archiveVersion = 1;
	classes = {
	};
	objectVersion = 46;
	objects = {

/* Begin PBXBuildFile section */
		41F46B411C6A85A200280376 /* TestFW.h in Headers */ = {isa = PBXBuildFile; fileRef = 41F46B401C6A85A200280376 /* TestFW.h */; settings = {ATTRIBUTES = (Public, ); }; };
		41F46B481C6A85A200280376 /* TestFW.framework in Frameworks */ = {isa = PBXBuildFile; fileRef = 41F46B3D1C6A85A200280376 /* TestFW.framework */; };
		41F46B4D1C6A85A200280376 /* TestFWTests.m in Sources */ = {isa = PBXBuildFile; fileRef = 41F46B4C1C6A85A200280376 /* TestFWTests.m */; };
		41F46B591C6A85C000280376 /* HelloControllerTableViewController.h in Headers */ = {isa = PBXBuildFile; fileRef = 41F46B571C6A85C000280376 /* HelloControllerTableViewController.h */; settings = {ATTRIBUTES = (Public, ); }; };
		41F46B5A1C6A85C000280376 /* HelloControllerTableViewController.m in Sources */ = {isa = PBXBuildFile; fileRef = 41F46B581C6A85C000280376 /* HelloControllerTableViewController.m */; };
/* End PBXBuildFile section */

/* Begin PBXContainerItemProxy section */
		41F46B491C6A85A200280376 /* PBXContainerItemProxy */ = {
			isa = PBXContainerItemProxy;
			containerPortal = 41F46B341C6A85A200280376 /* Project object */;
			proxyType = 1;
			remoteGlobalIDString = 41F46B3C1C6A85A200280376;
			remoteInfo = TestFW;
		};
/* End PBXContainerItemProxy section */

/* Begin PBXFileReference section */
		41F46B3D1C6A85A200280376 /* TestFW.framework */ = {isa = PBXFileReference; explicitFileType = wrapper.framework; includeInIndex = 0; path = TestFW.framework; sourceTree = BUILT_PRODUCTS_DIR; };
		41F46B401C6A85A200280376 /* TestFW.h */ = {isa = PBXFileReference; lastKnownFileType = sourcecode.c.h; path = TestFW.h; sourceTree = "<group>"; };
		41F46B421C6A85A200280376 /* Info.plist */ = {isa = PBXFileReference; lastKnownFileType = text.plist.xml; path = Info.plist; sourceTree = "<group>"; };
		41F46B471C6A85A200280376 /* TestFWTests.xctest */ = {isa = PBXFileReference; explicitFileType = wrapper.cfbundle; includeInIndex = 0; path = TestFWTests.xctest; sourceTree = BUILT_PRODUCTS_DIR; };
		41F46B4C1C6A85A200280376 /* TestFWTests.m */ = {isa = PBXFileReference; lastKnownFileType = sourcecode.c.objc; path = TestFWTests.m; sourceTree = "<group>"; };
		41F46B4E1C6A85A200280376 /* Info.plist */ = {isa = PBXFileReference; lastKnownFileType = text.plist.xml; path = Info.plist; sourceTree = "<group>"; };
		41F46B571C6A85C000280376 /* HelloControllerTableViewController.h */ = {isa = PBXFileReference; fileEncoding = 4; lastKnownFileType = sourcecode.c.h; path = HelloControllerTableViewController.h; sourceTree = "<group>"; };
		41F46B581C6A85C000280376 /* HelloControllerTableViewController.m */ = {isa = PBXFileReference; fileEncoding = 4; lastKnownFileType = sourcecode.c.objc; path = HelloControllerTableViewController.m; sourceTree = "<group>"; };
/* End PBXFileReference section */

/* Begin PBXFrameworksBuildPhase section */
		41F46B391C6A85A200280376 /* Frameworks */ = {
			isa = PBXFrameworksBuildPhase;
			buildActionMask = 2147483647;
			files = (
			);
			runOnlyForDeploymentPostprocessing = 0;
		};
		41F46B441C6A85A200280376 /* Frameworks */ = {
			isa = PBXFrameworksBuildPhase;
			buildActionMask = 2147483647;
			files = (
				41F46B481C6A85A200280376 /* TestFW.framework in Frameworks */,
			);
			runOnlyForDeploymentPostprocessing = 0;
		};
/* End PBXFrameworksBuildPhase section */

/* Begin PBXGroup section */
		41F46B331C6A85A200280376 = {
			isa = PBXGroup;
			children = (
				41F46B3F1C6A85A200280376 /* TestFW */,
				41F46B4B1C6A85A200280376 /* TestFWTests */,
				41F46B3E1C6A85A200280376 /* Products */,
			);
			sourceTree = "<group>";
		};
		41F46B3E1C6A85A200280376 /* Products */ = {
			isa = PBXGroup;
			children = (
				41F46B3D1C6A85A200280376 /* TestFW.framework */,
				41F46B471C6A85A200280376 /* TestFWTests.xctest */,
			);
			name = Products;
			sourceTree = "<group>";
		};
		41F46B3F1C6A85A200280376 /* TestFW */ = {
			isa = PBXGroup;
			children = (
				41F46B401C6A85A200280376 /* TestFW.h */,
				41F46B421C6A85A200280376 /* Info.plist */,
				41F46B571C6A85C000280376 /* HelloControllerTableViewController.h */,
				41F46B581C6A85C000280376 /* HelloControllerTableViewController.m */,
			);
			path = TestFW;
			sourceTree = "<group>";
		};
		41F46B4B1C6A85A200280376 /* TestFWTests */ = {
			isa = PBXGroup;
			children = (
				41F46B4C1C6A85A200280376 /* TestFWTests.m */,
				41F46B4E1C6A85A200280376 /* Info.plist */,
			);
			path = TestFWTests;
			sourceTree = "<group>";
		};
/* End PBXGroup section */

/* Begin PBXHeadersBuildPhase section */
		41F46B3A1C6A85A200280376 /* Headers */ = {
			isa = PBXHeadersBuildPhase;
			buildActionMask = 2147483647;
			files = (
				41F46B411C6A85A200280376 /* TestFW.h in Headers */,
				41F46B591C6A85C000280376 /* HelloControllerTableViewController.h in Headers */,
			);
			runOnlyForDeploymentPostprocessing = 0;
		};
/* End PBXHeadersBuildPhase section */

/* Begin PBXNativeTarget section */
		41F46B3C1C6A85A200280376 /* TestFW */ = {
			isa = PBXNativeTarget;
			buildConfigurationList = 41F46B511C6A85A200280376 /* Build configuration list for PBXNativeTarget "TestFW" */;
			buildPhases = (
				41F46B381C6A85A200280376 /* Sources */,
				41F46B391C6A85A200280376 /* Frameworks */,
				41F46B3A1C6A85A200280376 /* Headers */,
				41F46B3B1C6A85A200280376 /* Resources */,
			);
			buildRules = (
			);
			dependencies = (
			);
			name = TestFW;
			productName = TestFW;
			productReference = 41F46B3D1C6A85A200280376 /* TestFW.framework */;
			productType = "com.apple.product-type.framework";
		};
		41F46B461C6A85A200280376 /* TestFWTests */ = {
			isa = PBXNativeTarget;
			buildConfigurationList = 41F46B541C6A85A200280376 /* Build configuration list for PBXNativeTarget "TestFWTests" */;
			buildPhases = (
				41F46B431C6A85A200280376 /* Sources */,
				41F46B441C6A85A200280376 /* Frameworks */,
				41F46B451C6A85A200280376 /* Resources */,
			);
			buildRules = (
			);
			dependencies = (
				41F46B4A1C6A85A200280376 /* PBXTargetDependency */,
			);
			name = TestFWTests;
			productName = TestFWTests;
			productReference = 41F46B471C6A85A200280376 /* TestFWTests.xctest */;
			productType = "com.apple.product-type.bundle.unit-test";
		};
/* End PBXNativeTarget section */

/* Begin PBXProject section */
		41F46B341C6A85A200280376 /* Project object */ = {
			isa = PBXProject;
			attributes = {
				LastUpgradeCheck = 0720;
				ORGANIZATIONNAME = "Pankaj Taneja";
				TargetAttributes = {
					41F46B3C1C6A85A200280376 = {
						CreatedOnToolsVersion = 7.2;
					};
					41F46B461C6A85A200280376 = {
						CreatedOnToolsVersion = 7.2;
					};
				};
			};
			buildConfigurationList = 41F46B371C6A85A200280376 /* Build configuration list for PBXProject "TestFW" */;
			compatibilityVersion = "Xcode 3.2";
			developmentRegion = English;
			hasScannedForEncodings = 0;
			knownRegions = (
				en,
			);
			mainGroup = 41F46B331C6A85A200280376;
			productRefGroup = 41F46B3E1C6A85A200280376 /* Products */;
			projectDirPath = "";
			projectRoot = "";
			targets = (
				41F46B3C1C6A85A200280376 /* TestFW */,
				41F46B461C6A85A200280376 /* TestFWTests */,
			);
		};
/* End PBXProject section */

/* Begin PBXResourcesBuildPhase section */
		41F46B3B1C6A85A200280376 /* Resources */ = {
			isa = PBXResourcesBuildPhase;
			buildActionMask = 2147483647;
			files = (
			);
			runOnlyForDeploymentPostprocessing = 0;
		};
		41F46B451C6A85A200280376 /* Resources */ = {
			isa = PBXResourcesBuildPhase;
			buildActionMask = 2147483647;
			files = (
			);
			runOnlyForDeploymentPostprocessing = 0;
		};
/* End PBXResourcesBuildPhase section */

/* Begin PBXSourcesBuildPhase section */
		41F46B381C6A85A200280376 /* Sources */ = {
			isa = PBXSourcesBuildPhase;
			buildActionMask = 2147483647;
			files = (
				41F46B5A1C6A85C000280376 /* HelloControllerTableViewController.m in Sources */,
			);
			runOnlyForDeploymentPostprocessing = 0;
		};
		41F46B431C6A85A200280376 /* Sources */ = {
			isa = PBXSourcesBuildPhase;
			buildActionMask = 2147483647;
			files = (
				41F46B4D1C6A85A200280376 /* TestFWTests.m in Sources */,
			);
			runOnlyForDeploymentPostprocessing = 0;
		};
/* End PBXSourcesBuildPhase section */

/* Begin PBXTargetDependency section */
		41F46B4A1C6A85A200280376 /* PBXTargetDependency */ = {
			isa = PBXTargetDependency;
			target = 41F46B3C1C6A85A200280376 /* TestFW */;
			targetProxy = 41F46B491C6A85A200280376 /* PBXContainerItemProxy */;
		};
/* End PBXTargetDependency section */

/* Begin XCBuildConfiguration section */
		41F46B4F1C6A85A200280376 /* Debug */ = {
			isa = XCBuildConfiguration;
			buildSettings = {
				ALWAYS_SEARCH_USER_PATHS = NO;
				CLANG_CXX_LANGUAGE_STANDARD = "gnu++0x";
				CLANG_CXX_LIBRARY = "libc++";
				CLANG_ENABLE_MODULES = YES;
				CLANG_ENABLE_OBJC_ARC = YES;
				CLANG_WARN_BOOL_CONVERSION = YES;
				CLANG_WARN_CONSTANT_CONVERSION = YES;
				CLANG_WARN_DIRECT_OBJC_ISA_USAGE = YES_ERROR;
				CLANG_WARN_EMPTY_BODY = YES;
				CLANG_WARN_ENUM_CONVERSION = YES;
				CLANG_WARN_INT_CONVERSION = YES;
				CLANG_WARN_OBJC_ROOT_CLASS = YES_ERROR;
				CLANG_WARN_UNREACHABLE_CODE = YES;
				CLANG_WARN__DUPLICATE_METHOD_MATCH = YES;
				"CODE_SIGN_IDENTITY[sdk=iphoneos*]" = "iPhone Developer";
				COPY_PHASE_STRIP = NO;
				CURRENT_PROJECT_VERSION = 1;
				DEBUG_INFORMATION_FORMAT = dwarf;
				ENABLE_STRICT_OBJC_MSGSEND = YES;
				ENABLE_TESTABILITY = YES;
				GCC_C_LANGUAGE_STANDARD = gnu99;
				GCC_DYNAMIC_NO_PIC = NO;
				GCC_NO_COMMON_BLOCKS = YES;
				GCC_OPTIMIZATION_LEVEL = 0;
				GCC_PREPROCESSOR_DEFINITIONS = (
					"DEBUG=1",
					"$(inherited)",
				);
				GCC_WARN_64_TO_32_BIT_CONVERSION = YES;
				GCC_WARN_ABOUT_RETURN_TYPE = YES_ERROR;
				GCC_WARN_UNDECLARED_SELECTOR = YES;
				GCC_WARN_UNINITIALIZED_AUTOS = YES_AGGRESSIVE;
				GCC_WARN_UNUSED_FUNCTION = YES;
				GCC_WARN_UNUSED_VARIABLE = YES;
				IPHONEOS_DEPLOYMENT_TARGET = 9.2;
				MTL_ENABLE_DEBUG_INFO = YES;
				ONLY_ACTIVE_ARCH = YES;
				SDKROOT = iphoneos;
				TARGETED_DEVICE_FAMILY = "1,2";
				VERSIONING_SYSTEM = "apple-generic";
				VERSION_INFO_PREFIX = "";
			};
			name = Debug;
		};
		41F46B501C6A85A200280376 /* Release */ = {
			isa = XCBuildConfiguration;
			buildSettings = {
				ALWAYS_SEARCH_USER_PATHS = NO;
				CLANG_CXX_LANGUAGE_STANDARD = "gnu++0x";
				CLANG_CXX_LIBRARY = "libc++";
				CLANG_ENABLE_MODULES = YES;
				CLANG_ENABLE_OBJC_ARC = YES;
				CLANG_WARN_BOOL_CONVERSION = YES;
				CLANG_WARN_CONSTANT_CONVERSION = YES;
				CLANG_WARN_DIRECT_OBJC_ISA_USAGE = YES_ERROR;
				CLANG_WARN_EMPTY_BODY = YES;
				CLANG_WARN_ENUM_CONVERSION = YES;
				CLANG_WARN_INT_CONVERSION = YES;
				CLANG_WARN_OBJC_ROOT_CLASS = YES_ERROR;
				CLANG_WARN_UNREACHABLE_CODE = YES;
				CLANG_WARN__DUPLICATE_METHOD_MATCH = YES;
				"CODE_SIGN_IDENTITY[sdk=iphoneos*]" = "iPhone Developer";
				COPY_PHASE_STRIP = NO;
				CURRENT_PROJECT_VERSION = 1;
				DEBUG_INFORMATION_FORMAT = "dwarf-with-dsym";
				ENABLE_NS_ASSERTIONS = NO;
				ENABLE_STRICT_OBJC_MSGSEND = YES;
				GCC_C_LANGUAGE_STANDARD = gnu99;
				GCC_NO_COMMON_BLOCKS = YES;
				GCC_WARN_64_TO_32_BIT_CONVERSION = YES;
				GCC_WARN_ABOUT_RETURN_TYPE = YES_ERROR;
				GCC_WARN_UNDECLARED_SELECTOR = YES;
				GCC_WARN_UNINITIALIZED_AUTOS = YES_AGGRESSIVE;
				GCC_WARN_UNUSED_FUNCTION = YES;
				GCC_WARN_UNUSED_VARIABLE = YES;
				IPHONEOS_DEPLOYMENT_TARGET = 9.2;
				MTL_ENABLE_DEBUG_INFO = NO;
				SDKROOT = iphoneos;
				TARGETED_DEVICE_FAMILY = "1,2";
				VALIDATE_PRODUCT = YES;
				VERSIONING_SYSTEM = "apple-generic";
				VERSION_INFO_PREFIX = "";
			};
			name = Release;
		};
		41F46B521C6A85A200280376 /* Debug */ = {
			isa = XCBuildConfiguration;
			buildSettings = {
				DEFINES_MODULE = YES;
				DYLIB_COMPATIBILITY_VERSION = 1;
				DYLIB_CURRENT_VERSION = 1;
				DYLIB_INSTALL_NAME_BASE = "@rpath";
				INFOPLIST_FILE = TestFW/Info.plist;
				INSTALL_PATH = "$(LOCAL_LIBRARY_DIR)/Frameworks";
				LD_RUNPATH_SEARCH_PATHS = "$(inherited) @executable_path/Frameworks @loader_path/Frameworks";
				PRODUCT_BUNDLE_IDENTIFIER = net.authorize.TestFW;
				PRODUCT_NAME = "$(TARGET_NAME)";
				SKIP_INSTALL = YES;
			};
			name = Debug;
		};
		41F46B531C6A85A200280376 /* Release */ = {
			isa = XCBuildConfiguration;
			buildSettings = {
				DEFINES_MODULE = YES;
				DYLIB_COMPATIBILITY_VERSION = 1;
				DYLIB_CURRENT_VERSION = 1;
				DYLIB_INSTALL_NAME_BASE = "@rpath";
				INFOPLIST_FILE = TestFW/Info.plist;
				INSTALL_PATH = "$(LOCAL_LIBRARY_DIR)/Frameworks";
				LD_RUNPATH_SEARCH_PATHS = "$(inherited) @executable_path/Frameworks @loader_path/Frameworks";
				PRODUCT_BUNDLE_IDENTIFIER = net.authorize.TestFW;
				PRODUCT_NAME = "$(TARGET_NAME)";
				SKIP_INSTALL = YES;
			};
			name = Release;
		};
		41F46B551C6A85A200280376 /* Debug */ = {
			isa = XCBuildConfiguration;
			buildSettings = {
				INFOPLIST_FILE = TestFWTests/Info.plist;
				LD_RUNPATH_SEARCH_PATHS = "$(inherited) @executable_path/Frameworks @loader_path/Frameworks";
				PRODUCT_BUNDLE_IDENTIFIER = net.authorize.TestFWTests;
				PRODUCT_NAME = "$(TARGET_NAME)";
			};
			name = Debug;
		};
		41F46B561C6A85A200280376 /* Release */ = {
			isa = XCBuildConfiguration;
			buildSettings = {
				INFOPLIST_FILE = TestFWTests/Info.plist;
				LD_RUNPATH_SEARCH_PATHS = "$(inherited) @executable_path/Frameworks @loader_path/Frameworks";
				PRODUCT_BUNDLE_IDENTIFIER = net.authorize.TestFWTests;
				PRODUCT_NAME = "$(TARGET_NAME)";
			};
			name = Release;
		};
/* End XCBuildConfiguration section */

/* Begin XCConfigurationList section */
		41F46B371C6A85A200280376 /* Build configuration list for PBXProject "TestFW" */ = {
			isa = XCConfigurationList;
			buildConfigurations = (
				41F46B4F1C6A85A200280376 /* Debug */,
				41F46B501C6A85A200280376 /* Release */,
			);
			defaultConfigurationIsVisible = 0;
			defaultConfigurationName = Release;
		};
		41F46B511C6A85A200280376 /* Build configuration list for PBXNativeTarget "TestFW" */ = {
			isa = XCConfigurationList;
			buildConfigurations = (
				41F46B521C6A85A200280376 /* Debug */,
				41F46B531C6A85A200280376 /* Release */,
			);
			defaultConfigurationIsVisible = 0;
		};
		41F46B541C6A85A200280376 /* Build configuration list for PBXNativeTarget "TestFWTests" */ = {
			isa = XCConfigurationList;
			buildConfigurations = (
				41F46B551C6A85A200280376 /* Debug */,
				41F46B561C6A85A200280376 /* Release */,
			);
			defaultConfigurationIsVisible = 0;
		};
/* End XCConfigurationList section */
	};
	rootObject = 41F46B341C6A85A200280376 /* Project object */;
}
